
Microsoft Visual Studio Solution File, Format Version 12.00
# Visual Studio Version 17
VisualStudioVersion = 17.8.34511.84
MinimumVisualStudioVersion = 10.0.40219.1
Project("{9A19103F-16F7-4668-BE54-9A1E7A4F7556}") = "FileCopier", "FileCopier.csproj", "{67A2AD7B-D3E9-44D5-BE05-9E63B31454D1}"
EndProject
Global
	GlobalSection(SolutionConfigurationPlatforms) = preSolution
		Debug|Any CPU = Debug|Any CPU
		Release|Any CPU = Release|Any CPU
	EndGlobalSection
	GlobalSection(ProjectConfigurationPlatforms) = postSolution
		{67A2AD7B-D3E9-44D5-BE05-9E63B31454D1}.Debug|Any CPU.ActiveCfg = Debug|Any CPU
		{67A2AD7B-D3E9-44D5-BE05-9E63B31454D1}.Debug|Any CPU.Build.0 = Debug|Any CPU
		{67A2AD7B-D3E9-44D5-BE05-9E63B31454D1}.Release|Any CPU.ActiveCfg = Release|Any CPU
		{67A2AD7B-D3E9-44D5-BE05-9E63B31454D1}.Release|Any CPU.Build.0 = Release|Any CPU
	EndGlobalSection
	GlobalSection(SolutionProperties) = preSolution
		HideSolutionNode = FALSE
	EndGlobalSection
	GlobalSection(ExtensibilityGlobals) = postSolution
		SolutionGuid = {321C27FE-98E8-4F21-A904-F2E943EB71E7}
	EndGlobalSection
EndGlobal
